
Microsoft Visual Studio Solution File, Format Version 12.00
# Visual Studio Version 17
VisualStudioVersion = 17.0.32014.148
MinimumVisualStudioVersion = 10.0.40219.1
Project("{9A19103F-16F7-4668-BE54-9A1E7A4F7556}") = "Scheduler", "Scheduler.csproj", "{7FE1ACA2-0066-4533-BF1B-3E4E65D7632A}"
EndProject
Project("{9A19103F-16F7-4668-BE54-9A1E7A4F7556}") = "Scheduler.Test", "..\Scheduler.Test\Scheduler.Test.csproj", "{8341143C-6075-435A-91D3-9BCB5891182A}"
EndProject
Global
	GlobalSection(SolutionConfigurationPlatforms) = preSolution
		Debug|Any CPU = Debug|Any CPU
		Release|Any CPU = Release|Any CPU
	EndGlobalSection
	GlobalSection(ProjectConfigurationPlatforms) = postSolution
		{7FE1ACA2-0066-4533-BF1B-3E4E65D7632A}.Debug|Any CPU.ActiveCfg = Debug|Any CPU
		{7FE1ACA2-0066-4533-BF1B-3E4E65D7632A}.Debug|Any CPU.Build.0 = Debug|Any CPU
		{7FE1ACA2-0066-4533-BF1B-3E4E65D7632A}.Release|Any CPU.ActiveCfg = Release|Any CPU
		{7FE1ACA2-0066-4533-BF1B-3E4E65D7632A}.Release|Any CPU.Build.0 = Release|Any CPU
		{8341143C-6075-435A-91D3-9BCB5891182A}.Debug|Any CPU.ActiveCfg = Debug|Any CPU
		{8341143C-6075-435A-91D3-9BCB5891182A}.Debug|Any CPU.Build.0 = Debug|Any CPU
		{8341143C-6075-435A-91D3-9BCB5891182A}.Release|Any CPU.ActiveCfg = Release|Any CPU
		{8341143C-6075-435A-91D3-9BCB5891182A}.Release|Any CPU.Build.0 = Release|Any CPU
	EndGlobalSection
	GlobalSection(SolutionProperties) = preSolution
		HideSolutionNode = FALSE
	EndGlobalSection
	GlobalSection(ExtensibilityGlobals) = postSolution
		SolutionGuid = {5DFA4C25-89A3-4045-97C8-3FF6647036FC}
	EndGlobalSection
EndGlobal
